
Microsoft Visual Studio Solution File, Format Version 12.00
# Visual Studio Version 16
VisualStudioVersion = 16.0.32413.511
MinimumVisualStudioVersion = 10.0.40219.1
Project("{FAE04EC0-301F-11D3-BF4B-00C04F79EFBC}") = "MergeExternalSort", "MergeExternalSort\MergeExternalSort.csproj", "{1861ED0A-7FE6-4182-B3DA-22A83A15B860}"
EndProject
Global
	GlobalSection(SolutionConfigurationPlatforms) = preSolution
		Debug|Any CPU = Debug|Any CPU
		Release|Any CPU = Release|Any CPU
	EndGlobalSection
	GlobalSection(ProjectConfigurationPlatforms) = postSolution
		{1861ED0A-7FE6-4182-B3DA-22A83A15B860}.Debug|Any CPU.ActiveCfg = Debug|Any CPU
		{1861ED0A-7FE6-4182-B3DA-22A83A15B860}.Debug|Any CPU.Build.0 = Debug|Any CPU
		{1861ED0A-7FE6-4182-B3DA-22A83A15B860}.Release|Any CPU.ActiveCfg = Release|Any CPU
		{1861ED0A-7FE6-4182-B3DA-22A83A15B860}.Release|Any CPU.Build.0 = Release|Any CPU
	EndGlobalSection
	GlobalSection(SolutionProperties) = preSolution
		HideSolutionNode = FALSE
	EndGlobalSection
	GlobalSection(ExtensibilityGlobals) = postSolution
		SolutionGuid = {7C55AE38-9F2A-46AF-B8F4-AE3829AD0018}
	EndGlobalSection
EndGlobal
